// !$*UTF8*$!
{
	archiveVersion = 1;
	classes = {
	};
	objectVersion = 46;
	objects = {

/* Begin PBXBuildFile section */
		9B29FAD11B054D21007EB348 /* SelectPlayersViewController.swift in Sources */ = {isa = PBXBuildFile; fileRef = 9B29FAD01B054D21007EB348 /* SelectPlayersViewController.swift */; };
		9B8F4E381AFE533E004EB324 /* GameModel.swift in Sources */ = {isa = PBXBuildFile; fileRef = 9B8F4E371AFE533E004EB324 /* GameModel.swift */; };
		9B8F4E3C1AFE7CDC004EB324 /* CreateGameViewController.swift in Sources */ = {isa = PBXBuildFile; fileRef = 9B8F4E3B1AFE7CDC004EB324 /* CreateGameViewController.swift */; };
		9B973E321AFFCA9C00EE09F4 /* CreateRoundViewController.swift in Sources */ = {isa = PBXBuildFile; fileRef = 9B973E311AFFCA9C00EE09F4 /* CreateRoundViewController.swift */; };
		9BB85AC91AFE407500D2B06F /* AppDelegate.swift in Sources */ = {isa = PBXBuildFile; fileRef = 9BB85AC81AFE407500D2B06F /* AppDelegate.swift */; };
		9BB85ACC1AFE407500D2B06F /* MahJongScoreApp.xcdatamodeld in Sources */ = {isa = PBXBuildFile; fileRef = 9BB85ACA1AFE407500D2B06F /* MahJongScoreApp.xcdatamodeld */; };
		9BB85ACE1AFE407500D2B06F /* ViewController.swift in Sources */ = {isa = PBXBuildFile; fileRef = 9BB85ACD1AFE407500D2B06F /* ViewController.swift */; };
		9BB85AD11AFE407500D2B06F /* Main.storyboard in Resources */ = {isa = PBXBuildFile; fileRef = 9BB85ACF1AFE407500D2B06F /* Main.storyboard */; };
		9BB85AD31AFE407500D2B06F /* Images.xcassets in Resources */ = {isa = PBXBuildFile; fileRef = 9BB85AD21AFE407500D2B06F /* Images.xcassets */; };
		9BB85AD61AFE407500D2B06F /* LaunchScreen.xib in Resources */ = {isa = PBXBuildFile; fileRef = 9BB85AD41AFE407500D2B06F /* LaunchScreen.xib */; };
		9BB85AE21AFE407500D2B06F /* MahJongScoreAppTests.swift in Sources */ = {isa = PBXBuildFile; fileRef = 9BB85AE11AFE407500D2B06F /* MahJongScoreAppTests.swift */; };
		9BF7EF871AFF5FE60035B33F /* Game.swift in Sources */ = {isa = PBXBuildFile; fileRef = 9BF7EF861AFF5FE60035B33F /* Game.swift */; };
		9BF7EF8A1AFF60720035B33F /* GameTableViewController.swift in Sources */ = {isa = PBXBuildFile; fileRef = 9BF7EF891AFF60720035B33F /* GameTableViewController.swift */; };
		9BF7EF8C1AFF61250035B33F /* Round.swift in Sources */ = {isa = PBXBuildFile; fileRef = 9BF7EF8B1AFF61250035B33F /* Round.swift */; };
/* End PBXBuildFile section */

/* Begin PBXContainerItemProxy section */
		9BB85ADC1AFE407500D2B06F /* PBXContainerItemProxy */ = {
			isa = PBXContainerItemProxy;
			containerPortal = 9BB85ABB1AFE407500D2B06F /* Project object */;
			proxyType = 1;
			remoteGlobalIDString = 9BB85AC21AFE407500D2B06F;
			remoteInfo = MahJongScoreApp;
		};
/* End PBXContainerItemProxy section */

/* Begin PBXFileReference section */
		9B29FAD01B054D21007EB348 /* SelectPlayersViewController.swift */ = {isa = PBXFileReference; fileEncoding = 4; lastKnownFileType = sourcecode.swift; path = SelectPlayersViewController.swift; sourceTree = "<group>"; };
		9B8F4E371AFE533E004EB324 /* GameModel.swift */ = {isa = PBXFileReference; fileEncoding = 4; lastKnownFileType = sourcecode.swift; path = GameModel.swift; sourceTree = "<group>"; };
		9B8F4E3B1AFE7CDC004EB324 /* CreateGameViewController.swift */ = {isa = PBXFileReference; fileEncoding = 4; lastKnownFileType = sourcecode.swift; path = CreateGameViewController.swift; sourceTree = "<group>"; };
		9B973E311AFFCA9C00EE09F4 /* CreateRoundViewController.swift */ = {isa = PBXFileReference; fileEncoding = 4; lastKnownFileType = sourcecode.swift; path = CreateRoundViewController.swift; sourceTree = "<group>"; };
		9BB85AC31AFE407500D2B06F /* MahJongScoreApp.app */ = {isa = PBXFileReference; explicitFileType = wrapper.application; includeInIndex = 0; path = MahJongScoreApp.app; sourceTree = BUILT_PRODUCTS_DIR; };
		9BB85AC71AFE407500D2B06F /* Info.plist */ = {isa = PBXFileReference; lastKnownFileType = text.plist.xml; path = Info.plist; sourceTree = "<group>"; };
		9BB85AC81AFE407500D2B06F /* AppDelegate.swift */ = {isa = PBXFileReference; lastKnownFileType = sourcecode.swift; path = AppDelegate.swift; sourceTree = "<group>"; };
		9BB85ACB1AFE407500D2B06F /* MahJongScoreApp.xcdatamodel */ = {isa = PBXFileReference; lastKnownFileType = wrapper.xcdatamodel; path = MahJongScoreApp.xcdatamodel; sourceTree = "<group>"; };
		9BB85ACD1AFE407500D2B06F /* ViewController.swift */ = {isa = PBXFileReference; lastKnownFileType = sourcecode.swift; path = ViewController.swift; sourceTree = "<group>"; };
		9BB85AD01AFE407500D2B06F /* Base */ = {isa = PBXFileReference; lastKnownFileType = file.storyboard; name = Base; path = Base.lproj/Main.storyboard; sourceTree = "<group>"; };
		9BB85AD21AFE407500D2B06F /* Images.xcassets */ = {isa = PBXFileReference; lastKnownFileType = folder.assetcatalog; path = Images.xcassets; sourceTree = "<group>"; };
		9BB85AD51AFE407500D2B06F /* Base */ = {isa = PBXFileReference; lastKnownFileType = file.xib; name = Base; path = Base.lproj/LaunchScreen.xib; sourceTree = "<group>"; };
		9BB85ADB1AFE407500D2B06F /* MahJongScoreAppTests.xctest */ = {isa = PBXFileReference; explicitFileType = wrapper.cfbundle; includeInIndex = 0; path = MahJongScoreAppTests.xctest; sourceTree = BUILT_PRODUCTS_DIR; };
		9BB85AE01AFE407500D2B06F /* Info.plist */ = {isa = PBXFileReference; lastKnownFileType = text.plist.xml; path = Info.plist; sourceTree = "<group>"; };
		9BB85AE11AFE407500D2B06F /* MahJongScoreAppTests.swift */ = {isa = PBXFileReference; lastKnownFileType = sourcecode.swift; path = MahJongScoreAppTests.swift; sourceTree = "<group>"; };
		9BF7EF861AFF5FE60035B33F /* Game.swift */ = {isa = PBXFileReference; fileEncoding = 4; lastKnownFileType = sourcecode.swift; path = Game.swift; sourceTree = "<group>"; };
		9BF7EF891AFF60720035B33F /* GameTableViewController.swift */ = {isa = PBXFileReference; fileEncoding = 4; lastKnownFileType = sourcecode.swift; path = GameTableViewController.swift; sourceTree = "<group>"; };
		9BF7EF8B1AFF61250035B33F /* Round.swift */ = {isa = PBXFileReference; fileEncoding = 4; lastKnownFileType = sourcecode.swift; path = Round.swift; sourceTree = "<group>"; };
/* End PBXFileReference section */

/* Begin PBXFrameworksBuildPhase section */
		9BB85AC01AFE407500D2B06F /* Frameworks */ = {
			isa = PBXFrameworksBuildPhase;
			buildActionMask = 2147483647;
			files = (
			);
			runOnlyForDeploymentPostprocessing = 0;
		};
		9BB85AD81AFE407500D2B06F /* Frameworks */ = {
			isa = PBXFrameworksBuildPhase;
			buildActionMask = 2147483647;
			files = (
			);
			runOnlyForDeploymentPostprocessing = 0;
		};
/* End PBXFrameworksBuildPhase section */

/* Begin PBXGroup section */
		9BB85ABA1AFE407500D2B06F = {
			isa = PBXGroup;
			children = (
				9BB85AC51AFE407500D2B06F /* MahJongScoreApp */,
				9BB85ADE1AFE407500D2B06F /* MahJongScoreAppTests */,
				9BB85AC41AFE407500D2B06F /* Products */,
			);
			sourceTree = "<group>";
		};
		9BB85AC41AFE407500D2B06F /* Products */ = {
			isa = PBXGroup;
			children = (
				9BB85AC31AFE407500D2B06F /* MahJongScoreApp.app */,
				9BB85ADB1AFE407500D2B06F /* MahJongScoreAppTests.xctest */,
			);
			name = Products;
			sourceTree = "<group>";
		};
		9BB85AC51AFE407500D2B06F /* MahJongScoreApp */ = {
			isa = PBXGroup;
			children = (
				9BF7EF881AFF60250035B33F /* Controllers */,
				9BF7EF851AFF5FD20035B33F /* Models */,
				9BB85AC81AFE407500D2B06F /* AppDelegate.swift */,
				9BB85ACF1AFE407500D2B06F /* Main.storyboard */,
				9B8F4E371AFE533E004EB324 /* GameModel.swift */,
				9BB85AD21AFE407500D2B06F /* Images.xcassets */,
				9BB85AD41AFE407500D2B06F /* LaunchScreen.xib */,
				9BB85ACA1AFE407500D2B06F /* MahJongScoreApp.xcdatamodeld */,
				9BB85AC61AFE407500D2B06F /* Supporting Files */,
			);
			path = MahJongScoreApp;
			sourceTree = "<group>";
		};
		9BB85AC61AFE407500D2B06F /* Supporting Files */ = {
			isa = PBXGroup;
			children = (
				9BB85AC71AFE407500D2B06F /* Info.plist */,
			);
			name = "Supporting Files";
			sourceTree = "<group>";
		};
		9BB85ADE1AFE407500D2B06F /* MahJongScoreAppTests */ = {
			isa = PBXGroup;
			children = (
				9BB85AE11AFE407500D2B06F /* MahJongScoreAppTests.swift */,
				9BB85ADF1AFE407500D2B06F /* Supporting Files */,
			);
			path = MahJongScoreAppTests;
			sourceTree = "<group>";
		};
		9BB85ADF1AFE407500D2B06F /* Supporting Files */ = {
			isa = PBXGroup;
			children = (
				9BB85AE01AFE407500D2B06F /* Info.plist */,
			);
			name = "Supporting Files";
			sourceTree = "<group>";
		};
		9BF7EF851AFF5FD20035B33F /* Models */ = {
			isa = PBXGroup;
			children = (
				9BF7EF861AFF5FE60035B33F /* Game.swift */,
				9BF7EF8B1AFF61250035B33F /* Round.swift */,
			);
			name = Models;
			sourceTree = "<group>";
		};
		9BF7EF881AFF60250035B33F /* Controllers */ = {
			isa = PBXGroup;
			children = (
				9B8F4E3B1AFE7CDC004EB324 /* CreateGameViewController.swift */,
				9BB85ACD1AFE407500D2B06F /* ViewController.swift */,
				9BF7EF891AFF60720035B33F /* GameTableViewController.swift */,
				9B973E311AFFCA9C00EE09F4 /* CreateRoundViewController.swift */,
				9B29FAD01B054D21007EB348 /* SelectPlayersViewController.swift */,
			);
			name = Controllers;
			sourceTree = "<group>";
		};
/* End PBXGroup section */

/* Begin PBXNativeTarget section */
		9BB85AC21AFE407500D2B06F /* MahJongScoreApp */ = {
			isa = PBXNativeTarget;
			buildConfigurationList = 9BB85AE51AFE407500D2B06F /* Build configuration list for PBXNativeTarget "MahJongScoreApp" */;
			buildPhases = (
				9BB85ABF1AFE407500D2B06F /* Sources */,
				9BB85AC01AFE407500D2B06F /* Frameworks */,
				9BB85AC11AFE407500D2B06F /* Resources */,
			);
			buildRules = (
			);
			dependencies = (
			);
			name = MahJongScoreApp;
			productName = MahJongScoreApp;
			productReference = 9BB85AC31AFE407500D2B06F /* MahJongScoreApp.app */;
			productType = "com.apple.product-type.application";
		};
		9BB85ADA1AFE407500D2B06F /* MahJongScoreAppTests */ = {
			isa = PBXNativeTarget;
			buildConfigurationList = 9BB85AE81AFE407500D2B06F /* Build configuration list for PBXNativeTarget "MahJongScoreAppTests" */;
			buildPhases = (
				9BB85AD71AFE407500D2B06F /* Sources */,
				9BB85AD81AFE407500D2B06F /* Frameworks */,
				9BB85AD91AFE407500D2B06F /* Resources */,
			);
			buildRules = (
			);
			dependencies = (
				9BB85ADD1AFE407500D2B06F /* PBXTargetDependency */,
			);
			name = MahJongScoreAppTests;
			productName = MahJongScoreAppTests;
			productReference = 9BB85ADB1AFE407500D2B06F /* MahJongScoreAppTests.xctest */;
			productType = "com.apple.product-type.bundle.unit-test";
		};
/* End PBXNativeTarget section */

/* Begin PBXProject section */
		9BB85ABB1AFE407500D2B06F /* Project object */ = {
			isa = PBXProject;
			attributes = {
				LastUpgradeCheck = 0630;
				ORGANIZATIONNAME = "Smokey Oolong Apps";
				TargetAttributes = {
					9BB85AC21AFE407500D2B06F = {
						CreatedOnToolsVersion = 6.3.1;
					};
					9BB85ADA1AFE407500D2B06F = {
						CreatedOnToolsVersion = 6.3.1;
						TestTargetID = 9BB85AC21AFE407500D2B06F;
					};
				};
			};
			buildConfigurationList = 9BB85ABE1AFE407500D2B06F /* Build configuration list for PBXProject "MahJongScoreApp" */;
			compatibilityVersion = "Xcode 3.2";
			developmentRegion = English;
			hasScannedForEncodings = 0;
			knownRegions = (
				en,
				Base,
			);
			mainGroup = 9BB85ABA1AFE407500D2B06F;
			productRefGroup = 9BB85AC41AFE407500D2B06F /* Products */;
			projectDirPath = "";
			projectRoot = "";
			targets = (
				9BB85AC21AFE407500D2B06F /* MahJongScoreApp */,
				9BB85ADA1AFE407500D2B06F /* MahJongScoreAppTests */,
			);
		};
/* End PBXProject section */

/* Begin PBXResourcesBuildPhase section */
		9BB85AC11AFE407500D2B06F /* Resources */ = {
			isa = PBXResourcesBuildPhase;
			buildActionMask = 2147483647;
			files = (
				9BB85AD11AFE407500D2B06F /* Main.storyboard in Resources */,
				9BB85AD61AFE407500D2B06F /* LaunchScreen.xib in Resources */,
				9BB85AD31AFE407500D2B06F /* Images.xcassets in Resources */,
			);
			runOnlyForDeploymentPostprocessing = 0;
		};
		9BB85AD91AFE407500D2B06F /* Resources */ = {
			isa = PBXResourcesBuildPhase;
			buildActionMask = 2147483647;
			files = (
			);
			runOnlyForDeploymentPostprocessing = 0;
		};
/* End PBXResourcesBuildPhase section */

/* Begin PBXSourcesBuildPhase section */
		9BB85ABF1AFE407500D2B06F /* Sources */ = {
			isa = PBXSourcesBuildPhase;
			buildActionMask = 2147483647;
			files = (
				9BF7EF8A1AFF60720035B33F /* GameTableViewController.swift in Sources */,
				9BB85ACE1AFE407500D2B06F /* ViewController.swift in Sources */,
				9BF7EF871AFF5FE60035B33F /* Game.swift in Sources */,
				9BB85AC91AFE407500D2B06F /* AppDelegate.swift in Sources */,
				9BB85ACC1AFE407500D2B06F /* MahJongScoreApp.xcdatamodeld in Sources */,
				9B8F4E381AFE533E004EB324 /* GameModel.swift in Sources */,
				9BF7EF8C1AFF61250035B33F /* Round.swift in Sources */,
				9B29FAD11B054D21007EB348 /* SelectPlayersViewController.swift in Sources */,
				9B8F4E3C1AFE7CDC004EB324 /* CreateGameViewController.swift in Sources */,
				9B973E321AFFCA9C00EE09F4 /* CreateRoundViewController.swift in Sources */,
			);
			runOnlyForDeploymentPostprocessing = 0;
		};
		9BB85AD71AFE407500D2B06F /* Sources */ = {
			isa = PBXSourcesBuildPhase;
			buildActionMask = 2147483647;
			files = (
				9BB85AE21AFE407500D2B06F /* MahJongScoreAppTests.swift in Sources */,
			);
			runOnlyForDeploymentPostprocessing = 0;
		};
/* End PBXSourcesBuildPhase section */

/* Begin PBXTargetDependency section */
		9BB85ADD1AFE407500D2B06F /* PBXTargetDependency */ = {
			isa = PBXTargetDependency;
			target = 9BB85AC21AFE407500D2B06F /* MahJongScoreApp */;
			targetProxy = 9BB85ADC1AFE407500D2B06F /* PBXContainerItemProxy */;
		};
/* End PBXTargetDependency section */

/* Begin PBXVariantGroup section */
		9BB85ACF1AFE407500D2B06F /* Main.storyboard */ = {
			isa = PBXVariantGroup;
			children = (
				9BB85AD01AFE407500D2B06F /* Base */,
			);
			name = Main.storyboard;
			sourceTree = "<group>";
		};
		9BB85AD41AFE407500D2B06F /* LaunchScreen.xib */ = {
			isa = PBXVariantGroup;
			children = (
				9BB85AD51AFE407500D2B06F /* Base */,
			);
			name = LaunchScreen.xib;
			sourceTree = "<group>";
		};
/* End PBXVariantGroup section */

/* Begin XCBuildConfiguration section */
		9BB85AE31AFE407500D2B06F /* Debug */ = {
			isa = XCBuildConfiguration;
			buildSettings = {
				ALWAYS_SEARCH_USER_PATHS = NO;
				CLANG_CXX_LANGUAGE_STANDARD = "gnu++0x";
				CLANG_CXX_LIBRARY = "libc++";
				CLANG_ENABLE_MODULES = YES;
				CLANG_ENABLE_OBJC_ARC = YES;
				CLANG_WARN_BOOL_CONVERSION = YES;
				CLANG_WARN_CONSTANT_CONVERSION = YES;
				CLANG_WARN_DIRECT_OBJC_ISA_USAGE = YES_ERROR;
				CLANG_WARN_EMPTY_BODY = YES;
				CLANG_WARN_ENUM_CONVERSION = YES;
				CLANG_WARN_INT_CONVERSION = YES;
				CLANG_WARN_OBJC_ROOT_CLASS = YES_ERROR;
				CLANG_WARN_UNREACHABLE_CODE = YES;
				CLANG_WARN__DUPLICATE_METHOD_MATCH = YES;
				"CODE_SIGN_IDENTITY[sdk=iphoneos*]" = "iPhone Developer";
				COPY_PHASE_STRIP = NO;
				DEBUG_INFORMATION_FORMAT = "dwarf-with-dsym";
				ENABLE_STRICT_OBJC_MSGSEND = YES;
				GCC_C_LANGUAGE_STANDARD = gnu99;
				GCC_DYNAMIC_NO_PIC = NO;
				GCC_NO_COMMON_BLOCKS = YES;
				GCC_OPTIMIZATION_LEVEL = 0;
				GCC_PREPROCESSOR_DEFINITIONS = (
					"DEBUG=1",
					"$(inherited)",
				);
				GCC_SYMBOLS_PRIVATE_EXTERN = NO;
				GCC_WARN_64_TO_32_BIT_CONVERSION = YES;
				GCC_WARN_ABOUT_RETURN_TYPE = YES_ERROR;
				GCC_WARN_UNDECLARED_SELECTOR = YES;
				GCC_WARN_UNINITIALIZED_AUTOS = YES_AGGRESSIVE;
				GCC_WARN_UNUSED_FUNCTION = YES;
				GCC_WARN_UNUSED_VARIABLE = YES;
				IPHONEOS_DEPLOYMENT_TARGET = 8.3;
				MTL_ENABLE_DEBUG_INFO = YES;
				ONLY_ACTIVE_ARCH = YES;
				SDKROOT = iphoneos;
				SWIFT_OPTIMIZATION_LEVEL = "-Onone";
			};
			name = Debug;
		};
		9BB85AE41AFE407500D2B06F /* Release */ = {
			isa = XCBuildConfiguration;
			buildSettings = {
				ALWAYS_SEARCH_USER_PATHS = NO;
				CLANG_CXX_LANGUAGE_STANDARD = "gnu++0x";
				CLANG_CXX_LIBRARY = "libc++";
				CLANG_ENABLE_MODULES = YES;
				CLANG_ENABLE_OBJC_ARC = YES;
				CLANG_WARN_BOOL_CONVERSION = YES;
				CLANG_WARN_CONSTANT_CONVERSION = YES;
				CLANG_WARN_DIRECT_OBJC_ISA_USAGE = YES_ERROR;
				CLANG_WARN_EMPTY_BODY = YES;
				CLANG_WARN_ENUM_CONVERSION = YES;
				CLANG_WARN_INT_CONVERSION = YES;
				CLANG_WARN_OBJC_ROOT_CLASS = YES_ERROR;
				CLANG_WARN_UNREACHABLE_CODE = YES;
				CLANG_WARN__DUPLICATE_METHOD_MATCH = YES;
				"CODE_SIGN_IDENTITY[sdk=iphoneos*]" = "iPhone Developer";
				COPY_PHASE_STRIP = NO;
				DEBUG_INFORMATION_FORMAT = "dwarf-with-dsym";
				ENABLE_NS_ASSERTIONS = NO;
				ENABLE_STRICT_OBJC_MSGSEND = YES;
				GCC_C_LANGUAGE_STANDARD = gnu99;
				GCC_NO_COMMON_BLOCKS = YES;
				GCC_WARN_64_TO_32_BIT_CONVERSION = YES;
				GCC_WARN_ABOUT_RETURN_TYPE = YES_ERROR;
				GCC_WARN_UNDECLARED_SELECTOR = YES;
				GCC_WARN_UNINITIALIZED_AUTOS = YES_AGGRESSIVE;
				GCC_WARN_UNUSED_FUNCTION = YES;
				GCC_WARN_UNUSED_VARIABLE = YES;
				IPHONEOS_DEPLOYMENT_TARGET = 8.3;
				MTL_ENABLE_DEBUG_INFO = NO;
				SDKROOT = iphoneos;
				VALIDATE_PRODUCT = YES;
			};
			name = Release;
		};
		9BB85AE61AFE407500D2B06F /* Debug */ = {
			isa = XCBuildConfiguration;
			buildSettings = {
				ASSETCATALOG_COMPILER_APPICON_NAME = AppIcon;
				INFOPLIST_FILE = MahJongScoreApp/Info.plist;
				LD_RUNPATH_SEARCH_PATHS = "$(inherited) @executable_path/Frameworks";
				PRODUCT_NAME = "$(TARGET_NAME)";
			};
			name = Debug;
		};
		9BB85AE71AFE407500D2B06F /* Release */ = {
			isa = XCBuildConfiguration;
			buildSettings = {
				ASSETCATALOG_COMPILER_APPICON_NAME = AppIcon;
				INFOPLIST_FILE = MahJongScoreApp/Info.plist;
				LD_RUNPATH_SEARCH_PATHS = "$(inherited) @executable_path/Frameworks";
				PRODUCT_NAME = "$(TARGET_NAME)";
			};
			name = Release;
		};
		9BB85AE91AFE407500D2B06F /* Debug */ = {
			isa = XCBuildConfiguration;
			buildSettings = {
				BUNDLE_LOADER = "$(TEST_HOST)";
				FRAMEWORK_SEARCH_PATHS = (
					"$(SDKROOT)/Developer/Library/Frameworks",
					"$(inherited)",
				);
				GCC_PREPROCESSOR_DEFINITIONS = (
					"DEBUG=1",
					"$(inherited)",
				);
				INFOPLIST_FILE = MahJongScoreAppTests/Info.plist;
				LD_RUNPATH_SEARCH_PATHS = "$(inherited) @executable_path/Frameworks @loader_path/Frameworks";
				PRODUCT_NAME = "$(TARGET_NAME)";
				TEST_HOST = "$(BUILT_PRODUCTS_DIR)/MahJongScoreApp.app/MahJongScoreApp";
			};
			name = Debug;
		};
		9BB85AEA1AFE407500D2B06F /* Release */ = {
			isa = XCBuildConfiguration;
			buildSettings = {
				BUNDLE_LOADER = "$(TEST_HOST)";
				FRAMEWORK_SEARCH_PATHS = (
					"$(SDKROOT)/Developer/Library/Frameworks",
					"$(inherited)",
				);
				INFOPLIST_FILE = MahJongScoreAppTests/Info.plist;
				LD_RUNPATH_SEARCH_PATHS = "$(inherited) @executable_path/Frameworks @loader_path/Frameworks";
				PRODUCT_NAME = "$(TARGET_NAME)";
				TEST_HOST = "$(BUILT_PRODUCTS_DIR)/MahJongScoreApp.app/MahJongScoreApp";
			};
			name = Release;
		};
/* End XCBuildConfiguration section */

/* Begin XCConfigurationList section */
		9BB85ABE1AFE407500D2B06F /* Build configuration list for PBXProject "MahJongScoreApp" */ = {
			isa = XCConfigurationList;
			buildConfigurations = (
				9BB85AE31AFE407500D2B06F /* Debug */,
				9BB85AE41AFE407500D2B06F /* Release */,
			);
			defaultConfigurationIsVisible = 0;
			defaultConfigurationName = Release;
		};
		9BB85AE51AFE407500D2B06F /* Build configuration list for PBXNativeTarget "MahJongScoreApp" */ = {
			isa = XCConfigurationList;
			buildConfigurations = (
				9BB85AE61AFE407500D2B06F /* Debug */,
				9BB85AE71AFE407500D2B06F /* Release */,
			);
			defaultConfigurationIsVisible = 0;
			defaultConfigurationName = Release;
		};
		9BB85AE81AFE407500D2B06F /* Build configuration list for PBXNativeTarget "MahJongScoreAppTests" */ = {
			isa = XCConfigurationList;
			buildConfigurations = (
				9BB85AE91AFE407500D2B06F /* Debug */,
				9BB85AEA1AFE407500D2B06F /* Release */,
			);
			defaultConfigurationIsVisible = 0;
			defaultConfigurationName = Release;
		};
/* End XCConfigurationList section */

/* Begin XCVersionGroup section */
		9BB85ACA1AFE407500D2B06F /* MahJongScoreApp.xcdatamodeld */ = {
			isa = XCVersionGroup;
			children = (
				9BB85ACB1AFE407500D2B06F /* MahJongScoreApp.xcdatamodel */,
			);
			currentVersion = 9BB85ACB1AFE407500D2B06F /* MahJongScoreApp.xcdatamodel */;
			path = MahJongScoreApp.xcdatamodeld;
			sourceTree = "<group>";
			versionGroupType = wrapper.xcdatamodel;
		};
/* End XCVersionGroup section */
	};
	rootObject = 9BB85ABB1AFE407500D2B06F /* Project object */;
}
